{
  "version": 4,
  "terraform_version": "1.4.5",
  "serial": 12,
  "lineage": "03959c16-981d-62f4-2a48-d4075471b3ed",
  "outputs": {},
  "resources": [
    {
      "mode": "data",
      "type": "azurerm_client_config",
      "name": "current",
      "provider": "provider[\"registry.terraform.io/hashicorp/azurerm\"]",
      "instances": [
        {
          "schema_version": 0,
          "attributes": {
            "client_id": "37e7e074-e227-4c25-896f-2f168dec57e6",
            "id": "Y2xpZW50Q29uZmlncy9jbGllbnRJZD0zN2U3ZTA3NC1lMjI3LTRjMjUtODk2Zi0yZjE2OGRlYzU3ZTY7b2JqZWN0SWQ9MzU4NTE1ZTMtODhjMi00M2JlLTgxNWMtMjcwZjA1ZGZkMGM4O3N1YnNjcmlwdGlvbklkPWIzNDI3YTkyLWE2YmItNDM1NC05ODIyLTk4YjlhNjFiYmU1ODt0ZW5hbnRJZD1jYTUyY2M1Ni01MzVhLTQxZmYtYjFhMi1hOGQ0MDc1MzljZTU=",
            "object_id": "358515e3-88c2-43be-815c-270f05dfd0c8",
            "subscription_id": "b3427a92-a6bb-4354-9822-98b9a61bbe58",
            "tenant_id": "ca52cc56-535a-41ff-b1a2-a8d407539ce5",
            "timeouts": null
          },
          "sensitive_attributes": []
        }
      ]
    },
    {
      "mode": "managed",
      "type": "azurerm_application_insights",
      "name": "default",
      "provider": "provider[\"registry.terraform.io/hashicorp/azurerm\"]",
      "instances": [
        {
          "schema_version": 1,
          "attributes": {
            "app_id": "4ffd31cb-f9d9-464c-84f6-b9b5c94717bf",
            "application_type": "web",
            "connection_string": "InstrumentationKey=081a8503-3d67-4fd8-9db0-f35408f5696f;IngestionEndpoint=https://westeurope-2.in.applicationinsights.azure.com/;LiveEndpoint=https://westeurope.livediagnostics.monitor.azure.com/",
            "daily_data_cap_in_gb": 100,
            "daily_data_cap_notifications_disabled": false,
            "disable_ip_masking": false,
            "force_customer_storage_for_profiler": false,
            "id": "/subscriptions/b3427a92-a6bb-4354-9822-98b9a61bbe58/resourceGroups/ml-elegant-sloth-rg/providers/Microsoft.Insights/components/ml-elegant-sloth-appi",
            "instrumentation_key": "081a8503-3d67-4fd8-9db0-f35408f5696f",
            "internet_ingestion_enabled": true,
            "internet_query_enabled": true,
            "local_authentication_disabled": false,
            "location": "westeurope",
            "name": "ml-elegant-sloth-appi",
            "resource_group_name": "ml-elegant-sloth-rg",
            "retention_in_days": 90,
            "sampling_percentage": 100,
            "tags": {},
            "timeouts": null,
            "workspace_id": ""
          },
          "sensitive_attributes": [],
          "private": "eyJlMmJmYjczMC1lY2FhLTExZTYtOGY4OC0zNDM2M2JjN2M0YzAiOnsiY3JlYXRlIjozNjAwMDAwMDAwMDAwLCJkZWxldGUiOjE4MDAwMDAwMDAwMDAsInJlYWQiOjMwMDAwMDAwMDAwMCwidXBkYXRlIjoxODAwMDAwMDAwMDAwfSwic2NoZW1hX3ZlcnNpb24iOiIxIn0=",
          "dependencies": [
            "azurerm_resource_group.default",
            "random_pet.prefix"
          ]
        }
      ]
    },
    {
      "mode": "managed",
      "type": "azurerm_container_registry",
      "name": "default",
      "provider": "provider[\"registry.terraform.io/hashicorp/azurerm\"]",
      "instances": [
        {
          "schema_version": 2,
          "attributes": {
            "admin_enabled": true,
            "admin_password": "G3eCu4cNr5MNjraE9n7587iHhV2b5vnWMDVcjAXgNy+ACRDoYDLu",
            "admin_username": "mldev87147286cr",
            "anonymous_pull_enabled": false,
            "data_endpoint_enabled": false,
            "encryption": [
              {
                "enabled": false,
                "identity_client_id": "",
                "key_vault_key_id": ""
              }
            ],
            "export_policy_enabled": true,
            "georeplications": [],
            "id": "/subscriptions/b3427a92-a6bb-4354-9822-98b9a61bbe58/resourceGroups/ml-elegant-sloth-rg/providers/Microsoft.ContainerRegistry/registries/mldev87147286cr",
            "identity": [],
            "location": "westeurope",
            "login_server": "mldev87147286cr.azurecr.io",
            "name": "mldev87147286cr",
            "network_rule_bypass_option": "AzureServices",
            "network_rule_set": [],
            "public_network_access_enabled": true,
            "quarantine_policy_enabled": false,
            "resource_group_name": "ml-elegant-sloth-rg",
            "retention_policy": [
              {
                "days": 7,
                "enabled": false
              }
            ],
            "sku": "Standard",
            "tags": {},
            "timeouts": null,
            "trust_policy": [
              {
                "enabled": false
              }
            ],
            "zone_redundancy_enabled": false
          },
          "sensitive_attributes": [],
          "private": "eyJlMmJmYjczMC1lY2FhLTExZTYtOGY4OC0zNDM2M2JjN2M0YzAiOnsiY3JlYXRlIjoxODAwMDAwMDAwMDAwLCJkZWxldGUiOjE4MDAwMDAwMDAwMDAsInJlYWQiOjMwMDAwMDAwMDAwMCwidXBkYXRlIjoxODAwMDAwMDAwMDAwfSwic2NoZW1hX3ZlcnNpb24iOiIyIn0=",
          "dependencies": [
            "azurerm_resource_group.default",
            "random_integer.suffix",
            "random_pet.prefix"
          ]
        }
      ]
    },
    {
      "mode": "managed",
      "type": "azurerm_key_vault",
      "name": "default",
      "provider": "provider[\"registry.terraform.io/hashicorp/azurerm\"]",
      "instances": [
        {
          "schema_version": 2,
          "attributes": {
            "access_policy": [
              {
                "application_id": "",
                "certificate_permissions": [
                  "Get",
                  "List",
                  "Update",
                  "Create",
                  "Import",
                  "Delete",
                  "Recover",
                  "Backup",
                  "Restore",
                  "ManageContacts",
                  "ManageIssuers",
                  "GetIssuers",
                  "ListIssuers",
                  "SetIssuers",
                  "DeleteIssuers"
                ],
                "key_permissions": [
                  "Get",
                  "List",
                  "Update",
                  "Create",
                  "Import",
                  "Delete",
                  "Recover",
                  "Backup",
                  "Restore",
                  "Decrypt",
                  "Encrypt",
                  "UnwrapKey",
                  "WrapKey",
                  "Verify",
                  "Sign",
                  "Release",
                  "Rotate",
                  "GetRotationPolicy",
                  "SetRotationPolicy"
                ],
                "object_id": "3656ebff-f0bf-4f31-a871-11a9434e9d25",
                "secret_permissions": [
                  "Get",
                  "List",
                  "Set",
                  "Delete",
                  "Recover",
                  "Backup",
                  "Restore"
                ],
                "storage_permissions": [],
                "tenant_id": "ca52cc56-535a-41ff-b1a2-a8d407539ce5"
              },
              {
                "application_id": "",
                "certificate_permissions": [
                  "Get",
                  "List",
                  "Update",
                  "Create",
                  "Import",
                  "Delete",
                  "Recover",
                  "Backup",
                  "Restore",
                  "ManageContacts",
                  "ManageIssuers",
                  "GetIssuers",
                  "ListIssuers",
                  "SetIssuers",
                  "DeleteIssuers"
                ],
                "key_permissions": [
                  "Get",
                  "List",
                  "Update",
                  "Create",
                  "Import",
                  "Delete",
                  "Recover",
                  "Backup",
                  "Restore",
                  "GetRotationPolicy",
                  "SetRotationPolicy",
                  "Rotate"
                ],
                "object_id": "7ba72fc2-5da6-4c67-b41e-e150082ec6bc",
                "secret_permissions": [
                  "Get",
                  "List",
                  "Set",
                  "Delete",
                  "Recover",
                  "Backup",
                  "Restore"
                ],
                "storage_permissions": [],
                "tenant_id": "ca52cc56-535a-41ff-b1a2-a8d407539ce5"
              }
            ],
            "contact": [],
            "enable_rbac_authorization": false,
            "enabled_for_deployment": false,
            "enabled_for_disk_encryption": false,
            "enabled_for_template_deployment": false,
            "id": "/subscriptions/b3427a92-a6bb-4354-9822-98b9a61bbe58/resourceGroups/ml-elegant-sloth-rg/providers/Microsoft.KeyVault/vaults/mldev87147286kv",
            "location": "westeurope",
            "name": "mldev87147286kv",
            "network_acls": [
              {
                "bypass": "AzureServices",
                "default_action": "Allow",
                "ip_rules": [],
                "virtual_network_subnet_ids": []
              }
            ],
            "public_network_access_enabled": true,
            "purge_protection_enabled": false,
            "resource_group_name": "ml-elegant-sloth-rg",
            "sku_name": "standard",
            "soft_delete_retention_days": 90,
            "tags": {},
            "tenant_id": "ca52cc56-535a-41ff-b1a2-a8d407539ce5",
            "timeouts": null,
            "vault_uri": "https://mldev87147286kv.vault.azure.net/"
          },
          "sensitive_attributes": [],
          "private": "eyJlMmJmYjczMC1lY2FhLTExZTYtOGY4OC0zNDM2M2JjN2M0YzAiOnsiY3JlYXRlIjoxODAwMDAwMDAwMDAwLCJkZWxldGUiOjE4MDAwMDAwMDAwMDAsInJlYWQiOjMwMDAwMDAwMDAwMCwidXBkYXRlIjoxODAwMDAwMDAwMDAwfSwic2NoZW1hX3ZlcnNpb24iOiIyIn0=",
          "dependencies": [
            "azurerm_resource_group.default",
            "data.azurerm_client_config.current",
            "random_integer.suffix",
            "random_pet.prefix"
          ]
        }
      ]
    },
    {
      "mode": "managed",
      "type": "azurerm_machine_learning_compute_instance",
      "name": "main",
      "provider": "provider[\"registry.terraform.io/hashicorp/azurerm\"]",
      "instances": [
        {
          "schema_version": 0,
          "attributes": {
            "assign_to_user": [],
            "authorization_type": "",
            "description": "",
            "id": "/subscriptions/b3427a92-a6bb-4354-9822-98b9a61bbe58/resourceGroups/ml-elegant-sloth-rg/providers/Microsoft.MachineLearningServices/workspaces/ml-elegant-sloth-mlw/computes/mldev87147286instance",
            "identity": [],
            "local_auth_enabled": true,
            "location": "westeurope",
            "machine_learning_workspace_id": "/subscriptions/b3427a92-a6bb-4354-9822-98b9a61bbe58/resourceGroups/ml-elegant-sloth-rg/providers/Microsoft.MachineLearningServices/workspaces/ml-elegant-sloth-mlw",
            "name": "mldev87147286instance",
            "ssh": [],
            "subnet_resource_id": null,
            "tags": {},
            "timeouts": null,
            "virtual_machine_size": "STANDARD_DS2_V2"
          },
          "sensitive_attributes": [],
          "private": "eyJlMmJmYjczMC1lY2FhLTExZTYtOGY4OC0zNDM2M2JjN2M0YzAiOnsiY3JlYXRlIjoxODAwMDAwMDAwMDAwLCJkZWxldGUiOjE4MDAwMDAwMDAwMDAsInJlYWQiOjMwMDAwMDAwMDAwMH19",
          "dependencies": [
            "azurerm_application_insights.default",
            "azurerm_container_registry.default",
            "azurerm_key_vault.default",
            "azurerm_machine_learning_workspace.default",
            "azurerm_resource_group.default",
            "azurerm_storage_account.default",
            "data.azurerm_client_config.current",
            "random_integer.suffix",
            "random_pet.prefix"
          ]
        }
      ]
    },
    {
      "mode": "managed",
      "type": "azurerm_machine_learning_workspace",
      "name": "default",
      "provider": "provider[\"registry.terraform.io/hashicorp/azurerm\"]",
      "instances": [
        {
          "schema_version": 0,
          "attributes": {
            "application_insights_id": "/subscriptions/b3427a92-a6bb-4354-9822-98b9a61bbe58/resourceGroups/ml-elegant-sloth-rg/providers/Microsoft.insights/components/ml-elegant-sloth-appi",
            "container_registry_id": "/subscriptions/b3427a92-a6bb-4354-9822-98b9a61bbe58/resourceGroups/ml-elegant-sloth-rg/providers/Microsoft.ContainerRegistry/registries/mldev87147286cr",
            "description": "",
            "discovery_url": "https://westeurope.api.azureml.ms/discovery",
            "encryption": [],
            "friendly_name": "",
            "high_business_impact": false,
            "id": "/subscriptions/b3427a92-a6bb-4354-9822-98b9a61bbe58/resourceGroups/ml-elegant-sloth-rg/providers/Microsoft.MachineLearningServices/workspaces/ml-elegant-sloth-mlw",
            "identity": [
              {
                "identity_ids": [],
                "principal_id": "3656ebff-f0bf-4f31-a871-11a9434e9d25",
                "tenant_id": "ca52cc56-535a-41ff-b1a2-a8d407539ce5",
                "type": "SystemAssigned"
              }
            ],
            "image_build_compute_name": "",
            "key_vault_id": "/subscriptions/b3427a92-a6bb-4354-9822-98b9a61bbe58/resourceGroups/ml-elegant-sloth-rg/providers/Microsoft.Keyvault/vaults/mldev87147286kv",
            "location": "westeurope",
            "name": "ml-elegant-sloth-mlw",
            "primary_user_assigned_identity": "",
            "public_access_behind_virtual_network_enabled": false,
            "public_network_access_enabled": true,
            "resource_group_name": "ml-elegant-sloth-rg",
            "sku_name": "Basic",
            "storage_account_id": "/subscriptions/b3427a92-a6bb-4354-9822-98b9a61bbe58/resourceGroups/ml-elegant-sloth-rg/providers/Microsoft.Storage/storageAccounts/mldev87147286st",
            "tags": {},
            "timeouts": null,
            "v1_legacy_mode_enabled": false
          },
          "sensitive_attributes": [],
          "private": "eyJlMmJmYjczMC1lY2FhLTExZTYtOGY4OC0zNDM2M2JjN2M0YzAiOnsiY3JlYXRlIjoxODAwMDAwMDAwMDAwLCJkZWxldGUiOjE4MDAwMDAwMDAwMDAsInJlYWQiOjMwMDAwMDAwMDAwMCwidXBkYXRlIjoxODAwMDAwMDAwMDAwfX0=",
          "dependencies": [
            "azurerm_application_insights.default",
            "azurerm_container_registry.default",
            "azurerm_key_vault.default",
            "azurerm_resource_group.default",
            "azurerm_storage_account.default",
            "data.azurerm_client_config.current",
            "random_integer.suffix",
            "random_pet.prefix"
          ]
        }
      ]
    },
    {
      "mode": "managed",
      "type": "azurerm_resource_group",
      "name": "default",
      "provider": "provider[\"registry.terraform.io/hashicorp/azurerm\"]",
      "instances": [
        {
          "schema_version": 0,
          "attributes": {
            "id": "/subscriptions/b3427a92-a6bb-4354-9822-98b9a61bbe58/resourceGroups/ml-elegant-sloth-rg",
            "location": "westeurope",
            "name": "ml-elegant-sloth-rg",
            "tags": {},
            "timeouts": null
          },
          "sensitive_attributes": [],
          "private": "eyJlMmJmYjczMC1lY2FhLTExZTYtOGY4OC0zNDM2M2JjN2M0YzAiOnsiY3JlYXRlIjo1NDAwMDAwMDAwMDAwLCJkZWxldGUiOjU0MDAwMDAwMDAwMDAsInJlYWQiOjMwMDAwMDAwMDAwMCwidXBkYXRlIjo1NDAwMDAwMDAwMDAwfX0=",
          "dependencies": [
            "random_pet.prefix"
          ]
        }
      ]
    },
    {
      "mode": "managed",
      "type": "azurerm_storage_account",
      "name": "default",
      "provider": "provider[\"registry.terraform.io/hashicorp/azurerm\"]",
      "instances": [
        {
          "schema_version": 3,
          "attributes": {
            "access_tier": "Hot",
            "account_kind": "StorageV2",
            "account_replication_type": "LRS",
            "account_tier": "Standard",
            "allow_nested_items_to_be_public": false,
            "allowed_copy_scope": "",
            "azure_files_authentication": [],
            "blob_properties": [
              {
                "change_feed_enabled": false,
                "change_feed_retention_in_days": 0,
                "container_delete_retention_policy": [],
                "cors_rule": [],
                "default_service_version": "",
                "delete_retention_policy": [],
                "last_access_time_enabled": false,
                "restore_policy": [],
                "versioning_enabled": false
              }
            ],
            "cross_tenant_replication_enabled": true,
            "custom_domain": [],
            "customer_managed_key": [],
            "default_to_oauth_authentication": false,
            "edge_zone": "",
            "enable_https_traffic_only": true,
            "id": "/subscriptions/b3427a92-a6bb-4354-9822-98b9a61bbe58/resourceGroups/ml-elegant-sloth-rg/providers/Microsoft.Storage/storageAccounts/mldev87147286st",
            "identity": [],
            "immutability_policy": [],
            "infrastructure_encryption_enabled": false,
            "is_hns_enabled": false,
            "large_file_share_enabled": null,
            "location": "westeurope",
            "min_tls_version": "TLS1_2",
            "name": "mldev87147286st",
            "network_rules": [
              {
                "bypass": [
                  "AzureServices"
                ],
                "default_action": "Allow",
                "ip_rules": [],
                "private_link_access": [],
                "virtual_network_subnet_ids": []
              }
            ],
            "nfsv3_enabled": false,
            "primary_access_key": "IWI0ElAuBUhWOEMxa4L513nQ+BciaNoo8nnvpR0Gwt/AsRc6Mxhy+aJ3RFV9jAer36x5rh9f0YCM+AStsL8kgw==",
            "primary_blob_connection_string": "DefaultEndpointsProtocol=https;BlobEndpoint=https://mldev87147286st.blob.core.windows.net/;AccountName=mldev87147286st;AccountKey=IWI0ElAuBUhWOEMxa4L513nQ+BciaNoo8nnvpR0Gwt/AsRc6Mxhy+aJ3RFV9jAer36x5rh9f0YCM+AStsL8kgw==",
            "primary_blob_endpoint": "https://mldev87147286st.blob.core.windows.net/",
            "primary_blob_host": "mldev87147286st.blob.core.windows.net",
            "primary_connection_string": "DefaultEndpointsProtocol=https;AccountName=mldev87147286st;AccountKey=IWI0ElAuBUhWOEMxa4L513nQ+BciaNoo8nnvpR0Gwt/AsRc6Mxhy+aJ3RFV9jAer36x5rh9f0YCM+AStsL8kgw==;EndpointSuffix=core.windows.net",
            "primary_dfs_endpoint": "https://mldev87147286st.dfs.core.windows.net/",
            "primary_dfs_host": "mldev87147286st.dfs.core.windows.net",
            "primary_file_endpoint": "https://mldev87147286st.file.core.windows.net/",
            "primary_file_host": "mldev87147286st.file.core.windows.net",
            "primary_location": "westeurope",
            "primary_queue_endpoint": "https://mldev87147286st.queue.core.windows.net/",
            "primary_queue_host": "mldev87147286st.queue.core.windows.net",
            "primary_table_endpoint": "https://mldev87147286st.table.core.windows.net/",
            "primary_table_host": "mldev87147286st.table.core.windows.net",
            "primary_web_endpoint": "https://mldev87147286st.z6.web.core.windows.net/",
            "primary_web_host": "mldev87147286st.z6.web.core.windows.net",
            "public_network_access_enabled": true,
            "queue_encryption_key_type": "Service",
            "queue_properties": [
              {
                "cors_rule": [],
                "hour_metrics": [
                  {
                    "enabled": true,
                    "include_apis": true,
                    "retention_policy_days": 7,
                    "version": "1.0"
                  }
                ],
                "logging": [
                  {
                    "delete": false,
                    "read": false,
                    "retention_policy_days": 0,
                    "version": "1.0",
                    "write": false
                  }
                ],
                "minute_metrics": [
                  {
                    "enabled": false,
                    "include_apis": false,
                    "retention_policy_days": 0,
                    "version": "1.0"
                  }
                ]
              }
            ],
            "resource_group_name": "ml-elegant-sloth-rg",
            "routing": [],
            "sas_policy": [],
            "secondary_access_key": "C6qusP4M2T0YwobFTZz/JWamoAz996vYesL4MJ2n33eixb/wz69NFEwXiUDgl/DzBQtj4+ydE1a1+ASt/4Q3dw==",
            "secondary_blob_connection_string": "",
            "secondary_blob_endpoint": null,
            "secondary_blob_host": null,
            "secondary_connection_string": "DefaultEndpointsProtocol=https;AccountName=mldev87147286st;AccountKey=C6qusP4M2T0YwobFTZz/JWamoAz996vYesL4MJ2n33eixb/wz69NFEwXiUDgl/DzBQtj4+ydE1a1+ASt/4Q3dw==;EndpointSuffix=core.windows.net",
            "secondary_dfs_endpoint": null,
            "secondary_dfs_host": null,
            "secondary_file_endpoint": null,
            "secondary_file_host": null,
            "secondary_location": "",
            "secondary_queue_endpoint": null,
            "secondary_queue_host": null,
            "secondary_table_endpoint": null,
            "secondary_table_host": null,
            "secondary_web_endpoint": null,
            "secondary_web_host": null,
            "sftp_enabled": false,
            "share_properties": [
              {
                "cors_rule": [],
                "retention_policy": [
                  {
                    "days": 7
                  }
                ],
                "smb": []
              }
            ],
            "shared_access_key_enabled": true,
            "static_website": [],
            "table_encryption_key_type": "Service",
            "tags": {},
            "timeouts": null
          },
          "sensitive_attributes": [],
          "private": "eyJlMmJmYjczMC1lY2FhLTExZTYtOGY4OC0zNDM2M2JjN2M0YzAiOnsiY3JlYXRlIjozNjAwMDAwMDAwMDAwLCJkZWxldGUiOjM2MDAwMDAwMDAwMDAsInJlYWQiOjMwMDAwMDAwMDAwMCwidXBkYXRlIjozNjAwMDAwMDAwMDAwfSwic2NoZW1hX3ZlcnNpb24iOiIzIn0=",
          "dependencies": [
            "azurerm_resource_group.default",
            "random_integer.suffix",
            "random_pet.prefix"
          ]
        }
      ]
    },
    {
      "mode": "managed",
      "type": "random_integer",
      "name": "suffix",
      "provider": "provider[\"registry.terraform.io/hashicorp/random\"]",
      "instances": [
        {
          "schema_version": 0,
          "attributes": {
            "id": "87147286",
            "keepers": null,
            "max": 99999999,
            "min": 10000000,
            "result": 87147286,
            "seed": null
          },
          "sensitive_attributes": []
        }
      ]
    },
    {
      "mode": "managed",
      "type": "random_pet",
      "name": "prefix",
      "provider": "provider[\"registry.terraform.io/hashicorp/random\"]",
      "instances": [
        {
          "schema_version": 0,
          "attributes": {
            "id": "ml-elegant-sloth",
            "keepers": null,
            "length": 2,
            "prefix": "ml",
            "separator": "-"
          },
          "sensitive_attributes": []
        }
      ]
    }
  ],
  "check_results": null
}
